
Microsoft Visual Studio Solution File, Format Version 12.00
# Visual Studio Version 17
VisualStudioVersion = 17.0.31903.59
MinimumVisualStudioVersion = 10.0.40219.1
Project("{FAE04EC0-301F-11D3-BF4B-00C04F79EFBC}") = "ARBA.Losas.Geometry", "ARBA.Losas.Geometry\ARBA.Losas.Geometry.csproj", "{50C3F9CD-630B-4956-A034-CB8EE4AA00AF}"
EndProject
Project("{FAE04EC0-301F-11D3-BF4B-00C04F79EFBC}") = "ARBA.Losas.Geometry.Tests", "ARBA.Losas.Geometry.Tests\ARBA.Losas.Geometry.Tests.csproj", "{352D478B-476F-4C48-BD86-8790E6FA6078}"
EndProject
Project("{FAE04EC0-301F-11D3-BF4B-00C04F79EFBC}") = "ARBA.Losas.Revit", "ARBA.Losas.Revit\ARBA.Losas.Revit.csproj", "{BF994F71-34B2-47CA-9D3B-D00780140464}"
EndProject
Global
	GlobalSection(SolutionConfigurationPlatforms) = preSolution
		Debug|Any CPU = Debug|Any CPU
		Debug|x64 = Debug|x64
		Debug|x86 = Debug|x86
		Release|Any CPU = Release|Any CPU
		Release|x64 = Release|x64
		Release|x86 = Release|x86
	EndGlobalSection
	GlobalSection(ProjectConfigurationPlatforms) = postSolution
		{50C3F9CD-630B-4956-A034-CB8EE4AA00AF}.Debug|Any CPU.ActiveCfg = Debug|Any CPU
		{50C3F9CD-630B-4956-A034-CB8EE4AA00AF}.Debug|Any CPU.Build.0 = Debug|Any CPU
		{50C3F9CD-630B-4956-A034-CB8EE4AA00AF}.Debug|x64.ActiveCfg = Debug|Any CPU
		{50C3F9CD-630B-4956-A034-CB8EE4AA00AF}.Debug|x64.Build.0 = Debug|Any CPU
		{50C3F9CD-630B-4956-A034-CB8EE4AA00AF}.Debug|x86.ActiveCfg = Debug|Any CPU
		{50C3F9CD-630B-4956-A034-CB8EE4AA00AF}.Debug|x86.Build.0 = Debug|Any CPU
		{50C3F9CD-630B-4956-A034-CB8EE4AA00AF}.Release|Any CPU.ActiveCfg = Release|Any CPU
		{50C3F9CD-630B-4956-A034-CB8EE4AA00AF}.Release|Any CPU.Build.0 = Release|Any CPU
		{50C3F9CD-630B-4956-A034-CB8EE4AA00AF}.Release|x64.ActiveCfg = Release|Any CPU
		{50C3F9CD-630B-4956-A034-CB8EE4AA00AF}.Release|x64.Build.0 = Release|Any CPU
		{50C3F9CD-630B-4956-A034-CB8EE4AA00AF}.Release|x86.ActiveCfg = Release|Any CPU
		{50C3F9CD-630B-4956-A034-CB8EE4AA00AF}.Release|x86.Build.0 = Release|Any CPU
		{352D478B-476F-4C48-BD86-8790E6FA6078}.Debug|Any CPU.ActiveCfg = Debug|Any CPU
		{352D478B-476F-4C48-BD86-8790E6FA6078}.Debug|Any CPU.Build.0 = Debug|Any CPU
		{352D478B-476F-4C48-BD86-8790E6FA6078}.Debug|x64.ActiveCfg = Debug|Any CPU
		{352D478B-476F-4C48-BD86-8790E6FA6078}.Debug|x64.Build.0 = Debug|Any CPU
		{352D478B-476F-4C48-BD86-8790E6FA6078}.Debug|x86.ActiveCfg = Debug|Any CPU
		{352D478B-476F-4C48-BD86-8790E6FA6078}.Debug|x86.Build.0 = Debug|Any CPU
		{352D478B-476F-4C48-BD86-8790E6FA6078}.Release|Any CPU.ActiveCfg = Release|Any CPU
		{352D478B-476F-4C48-BD86-8790E6FA6078}.Release|Any CPU.Build.0 = Release|Any CPU
		{352D478B-476F-4C48-BD86-8790E6FA6078}.Release|x64.ActiveCfg = Release|Any CPU
		{352D478B-476F-4C48-BD86-8790E6FA6078}.Release|x64.Build.0 = Release|Any CPU
		{352D478B-476F-4C48-BD86-8790E6FA6078}.Release|x86.ActiveCfg = Release|Any CPU
		{352D478B-476F-4C48-BD86-8790E6FA6078}.Release|x86.Build.0 = Release|Any CPU
		{BF994F71-34B2-47CA-9D3B-D00780140464}.Debug|Any CPU.ActiveCfg = Debug|x64
		{BF994F71-34B2-47CA-9D3B-D00780140464}.Debug|Any CPU.Build.0 = Debug|x64
		{BF994F71-34B2-47CA-9D3B-D00780140464}.Debug|x64.ActiveCfg = Debug|x64
		{BF994F71-34B2-47CA-9D3B-D00780140464}.Debug|x64.Build.0 = Debug|x64
		{BF994F71-34B2-47CA-9D3B-D00780140464}.Debug|x86.ActiveCfg = Debug|x64
		{BF994F71-34B2-47CA-9D3B-D00780140464}.Debug|x86.Build.0 = Debug|x64
		{BF994F71-34B2-47CA-9D3B-D00780140464}.Release|Any CPU.ActiveCfg = Release|x64
		{BF994F71-34B2-47CA-9D3B-D00780140464}.Release|Any CPU.Build.0 = Release|x64
		{BF994F71-34B2-47CA-9D3B-D00780140464}.Release|x64.ActiveCfg = Release|x64
		{BF994F71-34B2-47CA-9D3B-D00780140464}.Release|x64.Build.0 = Release|x64
		{BF994F71-34B2-47CA-9D3B-D00780140464}.Release|x86.ActiveCfg = Release|x64
		{BF994F71-34B2-47CA-9D3B-D00780140464}.Release|x86.Build.0 = Release|x64
	EndGlobalSection
	GlobalSection(SolutionProperties) = preSolution
		HideSolutionNode = FALSE
	EndGlobalSection
EndGlobal
